
Microsoft Visual Studio Solution File, Format Version 12.00
# Visual Studio Version 17
VisualStudioVersion = 17.11.35312.102
MinimumVisualStudioVersion = 10.0.40219.1
Project("{FAE04EC0-301F-11D3-BF4B-00C04F79EFBC}") = "ReelfyAPI", "ReelfyAPI\ReelfyAPI.csproj", "{E90C8473-E2DA-46DC-A2AF-B9A3070BAF0D}"
EndProject
Project("{FAE04EC0-301F-11D3-BF4B-00C04F79EFBC}") = "Infraestructure", "Infraestructure\Infraestructure.csproj", "{B9DAD414-FDD7-4CA0-AB69-BEA3934AAABA}"
EndProject
Project("{FAE04EC0-301F-11D3-BF4B-00C04F79EFBC}") = "Domain", "Domain\Domain.csproj", "{842658AE-4D84-4236-B25C-00664F9D4F20}"
EndProject
Project("{FAE04EC0-301F-11D3-BF4B-00C04F79EFBC}") = "Application", "Application\Application.csproj", "{364CE67C-81AB-4D5C-85DA-8946EDB6742D}"
EndProject
Global
	GlobalSection(SolutionConfigurationPlatforms) = preSolution
		Debug|Any CPU = Debug|Any CPU
		Release|Any CPU = Release|Any CPU
	EndGlobalSection
	GlobalSection(ProjectConfigurationPlatforms) = postSolution
		{E90C8473-E2DA-46DC-A2AF-B9A3070BAF0D}.Debug|Any CPU.ActiveCfg = Debug|Any CPU
		{E90C8473-E2DA-46DC-A2AF-B9A3070BAF0D}.Debug|Any CPU.Build.0 = Debug|Any CPU
		{E90C8473-E2DA-46DC-A2AF-B9A3070BAF0D}.Release|Any CPU.ActiveCfg = Release|Any CPU
		{E90C8473-E2DA-46DC-A2AF-B9A3070BAF0D}.Release|Any CPU.Build.0 = Release|Any CPU
		{B9DAD414-FDD7-4CA0-AB69-BEA3934AAABA}.Debug|Any CPU.ActiveCfg = Debug|Any CPU
		{B9DAD414-FDD7-4CA0-AB69-BEA3934AAABA}.Debug|Any CPU.Build.0 = Debug|Any CPU
		{B9DAD414-FDD7-4CA0-AB69-BEA3934AAABA}.Release|Any CPU.ActiveCfg = Release|Any CPU
		{B9DAD414-FDD7-4CA0-AB69-BEA3934AAABA}.Release|Any CPU.Build.0 = Release|Any CPU
		{842658AE-4D84-4236-B25C-00664F9D4F20}.Debug|Any CPU.ActiveCfg = Debug|Any CPU
		{842658AE-4D84-4236-B25C-00664F9D4F20}.Debug|Any CPU.Build.0 = Debug|Any CPU
		{842658AE-4D84-4236-B25C-00664F9D4F20}.Release|Any CPU.ActiveCfg = Release|Any CPU
		{842658AE-4D84-4236-B25C-00664F9D4F20}.Release|Any CPU.Build.0 = Release|Any CPU
		{364CE67C-81AB-4D5C-85DA-8946EDB6742D}.Debug|Any CPU.ActiveCfg = Debug|Any CPU
		{364CE67C-81AB-4D5C-85DA-8946EDB6742D}.Debug|Any CPU.Build.0 = Debug|Any CPU
		{364CE67C-81AB-4D5C-85DA-8946EDB6742D}.Release|Any CPU.ActiveCfg = Release|Any CPU
		{364CE67C-81AB-4D5C-85DA-8946EDB6742D}.Release|Any CPU.Build.0 = Release|Any CPU
	EndGlobalSection
	GlobalSection(SolutionProperties) = preSolution
		HideSolutionNode = FALSE
	EndGlobalSection
	GlobalSection(ExtensibilityGlobals) = postSolution
		SolutionGuid = {B7580A8F-0430-42B0-86AE-08F8829C9DE7}
	EndGlobalSection
EndGlobal
